
Microsoft Visual Studio Solution File, Format Version 12.00
# Visual Studio 15
VisualStudioVersion = 15.0.27130.2010
MinimumVisualStudioVersion = 10.0.40219.1
Project("{9A19103F-16F7-4668-BE54-9A1E7A4F7556}") = "Shuttle.Core.Compression", "Shuttle.Core.Compression\Shuttle.Core.Compression.csproj", "{843CF358-AB53-4202-83E4-61213AA650F7}"
EndProject
Project("{9A19103F-16F7-4668-BE54-9A1E7A4F7556}") = "Shuttle.Core.Compression.Tests", "Shuttle.Core.Compression.Tests\Shuttle.Core.Compression.Tests.csproj", "{244A1C95-2871-491A-9179-613910FD70C9}"
EndProject
Project("{2150E333-8FDC-42A3-9474-1A3956D46DE8}") = "Solution Items", "Solution Items", "{341B07F0-2E26-47FE-878A-C1C56C9D6B59}"
	ProjectSection(SolutionItems) = preProject
		LICENSE = LICENSE
		README.md = README.md
	EndProjectSection
EndProject
Global
	GlobalSection(SolutionConfigurationPlatforms) = preSolution
		Debug|Any CPU = Debug|Any CPU
		Release|Any CPU = Release|Any CPU
	EndGlobalSection
	GlobalSection(ProjectConfigurationPlatforms) = postSolution
		{843CF358-AB53-4202-83E4-61213AA650F7}.Debug|Any CPU.ActiveCfg = Debug|Any CPU
		{843CF358-AB53-4202-83E4-61213AA650F7}.Debug|Any CPU.Build.0 = Debug|Any CPU
		{843CF358-AB53-4202-83E4-61213AA650F7}.Release|Any CPU.ActiveCfg = Release|Any CPU
		{843CF358-AB53-4202-83E4-61213AA650F7}.Release|Any CPU.Build.0 = Release|Any CPU
		{244A1C95-2871-491A-9179-613910FD70C9}.Debug|Any CPU.ActiveCfg = Debug|Any CPU
		{244A1C95-2871-491A-9179-613910FD70C9}.Debug|Any CPU.Build.0 = Debug|Any CPU
		{244A1C95-2871-491A-9179-613910FD70C9}.Release|Any CPU.ActiveCfg = Release|Any CPU
		{244A1C95-2871-491A-9179-613910FD70C9}.Release|Any CPU.Build.0 = Release|Any CPU
	EndGlobalSection
	GlobalSection(SolutionProperties) = preSolution
		HideSolutionNode = FALSE
	EndGlobalSection
	GlobalSection(ExtensibilityGlobals) = postSolution
		SolutionGuid = {F73898E5-7111-440A-B079-835C83F7199B}
	EndGlobalSection
EndGlobal
